
Microsoft Visual Studio Solution File, Format Version 12.00
# Visual Studio Version 17
VisualStudioVersion = 17.7.34018.315
MinimumVisualStudioVersion = 10.0.40219.1
Project("{9A19103F-16F7-4668-BE54-9A1E7A4F7556}") = "Manero", "Manero.csproj", "{7823D80B-2D67-4FB0-92C4-AD734AB1934A}"
EndProject
Global
	GlobalSection(SolutionConfigurationPlatforms) = preSolution
		Debug|Any CPU = Debug|Any CPU
		Release|Any CPU = Release|Any CPU
	EndGlobalSection
	GlobalSection(ProjectConfigurationPlatforms) = postSolution
		{7823D80B-2D67-4FB0-92C4-AD734AB1934A}.Debug|Any CPU.ActiveCfg = Debug|Any CPU
		{7823D80B-2D67-4FB0-92C4-AD734AB1934A}.Debug|Any CPU.Build.0 = Debug|Any CPU
		{7823D80B-2D67-4FB0-92C4-AD734AB1934A}.Release|Any CPU.ActiveCfg = Release|Any CPU
		{7823D80B-2D67-4FB0-92C4-AD734AB1934A}.Release|Any CPU.Build.0 = Release|Any CPU
	EndGlobalSection
	GlobalSection(SolutionProperties) = preSolution
		HideSolutionNode = FALSE
	EndGlobalSection
	GlobalSection(ExtensibilityGlobals) = postSolution
		SolutionGuid = {C8C16E3C-262B-40A9-A49C-C8A84B6AC9C7}
	EndGlobalSection
EndGlobal
